
Microsoft Visual Studio Solution File, Format Version 12.00
# Visual Studio Version 17
VisualStudioVersion = 17.0.31912.275
MinimumVisualStudioVersion = 10.0.40219.1
Project("{FAE04EC0-301F-11D3-BF4B-00C04F79EFBC}") = "LiveData", "LiveData\LiveData.csproj", "{82F6AC2E-A619-4839-B842-3DD57AA85017}"
EndProject
Global
	GlobalSection(SolutionConfigurationPlatforms) = preSolution
		Debug|Any CPU = Debug|Any CPU
		Release|Any CPU = Release|Any CPU
	EndGlobalSection
	GlobalSection(ProjectConfigurationPlatforms) = postSolution
		{82F6AC2E-A619-4839-B842-3DD57AA85017}.Debug|Any CPU.ActiveCfg = Debug|Any CPU
		{82F6AC2E-A619-4839-B842-3DD57AA85017}.Debug|Any CPU.Build.0 = Debug|Any CPU
		{82F6AC2E-A619-4839-B842-3DD57AA85017}.Release|Any CPU.ActiveCfg = Release|Any CPU
		{82F6AC2E-A619-4839-B842-3DD57AA85017}.Release|Any CPU.Build.0 = Release|Any CPU
	EndGlobalSection
	GlobalSection(SolutionProperties) = preSolution
		HideSolutionNode = FALSE
	EndGlobalSection
	GlobalSection(ExtensibilityGlobals) = postSolution
		SolutionGuid = {0D10B435-F4A4-4741-AF97-2AB220FED225}
	EndGlobalSection
EndGlobal
